// !$*UTF8*$!
{
	archiveVersion = 1;
	classes = {
	};
	objectVersion = 48;
	objects = {

/* Begin PBXBuildFile section */
		583EBDC920AD775A009A7994 /* TableViewCell.swift in Sources */ = {isa = PBXBuildFile; fileRef = 583EBDC820AD775A009A7994 /* TableViewCell.swift */; };
		583EBDCB20AD7E94009A7994 /* WeatherViewController.swift in Sources */ = {isa = PBXBuildFile; fileRef = 583EBDCA20AD7E94009A7994 /* WeatherViewController.swift */; };
		586330BB20AD1242007F01BC /* AppDelegate.swift in Sources */ = {isa = PBXBuildFile; fileRef = 586330BA20AD1242007F01BC /* AppDelegate.swift */; };
		586330C020AD1242007F01BC /* Main.storyboard in Resources */ = {isa = PBXBuildFile; fileRef = 586330BE20AD1242007F01BC /* Main.storyboard */; };
		586330C220AD1242007F01BC /* Assets.xcassets in Resources */ = {isa = PBXBuildFile; fileRef = 586330C120AD1242007F01BC /* Assets.xcassets */; };
		586330C520AD1242007F01BC /* LaunchScreen.storyboard in Resources */ = {isa = PBXBuildFile; fileRef = 586330C320AD1242007F01BC /* LaunchScreen.storyboard */; };
		586330CE20AD1603007F01BC /* Weather.swift in Sources */ = {isa = PBXBuildFile; fileRef = 586330CD20AD1603007F01BC /* Weather.swift */; };
		586330D020AD1619007F01BC /* DataSerVice.swift in Sources */ = {isa = PBXBuildFile; fileRef = 586330CF20AD1619007F01BC /* DataSerVice.swift */; };
		586330D220AD1626007F01BC /* Extention.swift in Sources */ = {isa = PBXBuildFile; fileRef = 586330D120AD1626007F01BC /* Extention.swift */; };
/* End PBXBuildFile section */

/* Begin PBXFileReference section */
		583EBDC820AD775A009A7994 /* TableViewCell.swift */ = {isa = PBXFileReference; lastKnownFileType = sourcecode.swift; path = TableViewCell.swift; sourceTree = "<group>"; };
		583EBDCA20AD7E94009A7994 /* WeatherViewController.swift */ = {isa = PBXFileReference; lastKnownFileType = sourcecode.swift; path = WeatherViewController.swift; sourceTree = "<group>"; };
		586330B720AD1242007F01BC /* Weather.app */ = {isa = PBXFileReference; explicitFileType = wrapper.application; includeInIndex = 0; path = Weather.app; sourceTree = BUILT_PRODUCTS_DIR; };
		586330BA20AD1242007F01BC /* AppDelegate.swift */ = {isa = PBXFileReference; lastKnownFileType = sourcecode.swift; path = AppDelegate.swift; sourceTree = "<group>"; };
		586330BF20AD1242007F01BC /* Base */ = {isa = PBXFileReference; lastKnownFileType = file.storyboard; name = Base; path = Base.lproj/Main.storyboard; sourceTree = "<group>"; };
		586330C120AD1242007F01BC /* Assets.xcassets */ = {isa = PBXFileReference; lastKnownFileType = folder.assetcatalog; path = Assets.xcassets; sourceTree = "<group>"; };
		586330C420AD1242007F01BC /* Base */ = {isa = PBXFileReference; lastKnownFileType = file.storyboard; name = Base; path = Base.lproj/LaunchScreen.storyboard; sourceTree = "<group>"; };
		586330C620AD1242007F01BC /* Info.plist */ = {isa = PBXFileReference; lastKnownFileType = text.plist.xml; path = Info.plist; sourceTree = "<group>"; };
		586330CD20AD1603007F01BC /* Weather.swift */ = {isa = PBXFileReference; lastKnownFileType = sourcecode.swift; path = Weather.swift; sourceTree = "<group>"; };
		586330CF20AD1619007F01BC /* DataSerVice.swift */ = {isa = PBXFileReference; lastKnownFileType = sourcecode.swift; path = DataSerVice.swift; sourceTree = "<group>"; };
		586330D120AD1626007F01BC /* Extention.swift */ = {isa = PBXFileReference; lastKnownFileType = sourcecode.swift; path = Extention.swift; sourceTree = "<group>"; };
/* End PBXFileReference section */

/* Begin PBXFrameworksBuildPhase section */
		586330B420AD1242007F01BC /* Frameworks */ = {
			isa = PBXFrameworksBuildPhase;
			buildActionMask = 2147483647;
			files = (
			);
			runOnlyForDeploymentPostprocessing = 0;
		};
/* End PBXFrameworksBuildPhase section */

/* Begin PBXGroup section */
		586330AE20AD1242007F01BC = {
			isa = PBXGroup;
			children = (
				586330B920AD1242007F01BC /* Weather */,
				586330B820AD1242007F01BC /* Products */,
			);
			sourceTree = "<group>";
		};
		586330B820AD1242007F01BC /* Products */ = {
			isa = PBXGroup;
			children = (
				586330B720AD1242007F01BC /* Weather.app */,
			);
			name = Products;
			sourceTree = "<group>";
		};
		586330B920AD1242007F01BC /* Weather */ = {
			isa = PBXGroup;
			children = (
				586330BA20AD1242007F01BC /* AppDelegate.swift */,
				586330CC20AD1570007F01BC /* Model */,
				586330BE20AD1242007F01BC /* Main.storyboard */,
				583EBDCA20AD7E94009A7994 /* WeatherViewController.swift */,
				583EBDC820AD775A009A7994 /* TableViewCell.swift */,
				586330C120AD1242007F01BC /* Assets.xcassets */,
				586330C320AD1242007F01BC /* LaunchScreen.storyboard */,
				586330C620AD1242007F01BC /* Info.plist */,
			);
			path = Weather;
			sourceTree = "<group>";
		};
		586330CC20AD1570007F01BC /* Model */ = {
			isa = PBXGroup;
			children = (
				586330CD20AD1603007F01BC /* Weather.swift */,
				586330CF20AD1619007F01BC /* DataSerVice.swift */,
				586330D120AD1626007F01BC /* Extention.swift */,
			);
			path = Model;
			sourceTree = "<group>";
		};
/* End PBXGroup section */

/* Begin PBXNativeTarget section */
		586330B620AD1242007F01BC /* Weather */ = {
			isa = PBXNativeTarget;
			buildConfigurationList = 586330C920AD1242007F01BC /* Build configuration list for PBXNativeTarget "Weather" */;
			buildPhases = (
				586330B320AD1242007F01BC /* Sources */,
				586330B420AD1242007F01BC /* Frameworks */,
				586330B520AD1242007F01BC /* Resources */,
			);
			buildRules = (
			);
			dependencies = (
			);
			name = Weather;
			productName = Weather;
			productReference = 586330B720AD1242007F01BC /* Weather.app */;
			productType = "com.apple.product-type.application";
		};
/* End PBXNativeTarget section */

/* Begin PBXProject section */
		586330AF20AD1242007F01BC /* Project object */ = {
			isa = PBXProject;
			attributes = {
				LastSwiftUpdateCheck = 0920;
				LastUpgradeCheck = 0920;
				ORGANIZATIONNAME = NguyenDinhPhu;
				TargetAttributes = {
					586330B620AD1242007F01BC = {
						CreatedOnToolsVersion = 9.2;
						ProvisioningStyle = Automatic;
					};
				};
			};
			buildConfigurationList = 586330B220AD1242007F01BC /* Build configuration list for PBXProject "Weather" */;
			compatibilityVersion = "Xcode 8.0";
			developmentRegion = en;
			hasScannedForEncodings = 0;
			knownRegions = (
				en,
				Base,
			);
			mainGroup = 586330AE20AD1242007F01BC;
			productRefGroup = 586330B820AD1242007F01BC /* Products */;
			projectDirPath = "";
			projectRoot = "";
			targets = (
				586330B620AD1242007F01BC /* Weather */,
			);
		};
/* End PBXProject section */

/* Begin PBXResourcesBuildPhase section */
		586330B520AD1242007F01BC /* Resources */ = {
			isa = PBXResourcesBuildPhase;
			buildActionMask = 2147483647;
			files = (
				586330C520AD1242007F01BC /* LaunchScreen.storyboard in Resources */,
				586330C220AD1242007F01BC /* Assets.xcassets in Resources */,
				586330C020AD1242007F01BC /* Main.storyboard in Resources */,
			);
			runOnlyForDeploymentPostprocessing = 0;
		};
/* End PBXResourcesBuildPhase section */

/* Begin PBXSourcesBuildPhase section */
		586330B320AD1242007F01BC /* Sources */ = {
			isa = PBXSourcesBuildPhase;
			buildActionMask = 2147483647;
			files = (
				586330CE20AD1603007F01BC /* Weather.swift in Sources */,
				583EBDCB20AD7E94009A7994 /* WeatherViewController.swift in Sources */,
				586330BB20AD1242007F01BC /* AppDelegate.swift in Sources */,
				586330D020AD1619007F01BC /* DataSerVice.swift in Sources */,
				583EBDC920AD775A009A7994 /* TableViewCell.swift in Sources */,
				586330D220AD1626007F01BC /* Extention.swift in Sources */,
			);
			runOnlyForDeploymentPostprocessing = 0;
		};
/* End PBXSourcesBuildPhase section */

/* Begin PBXVariantGroup section */
		586330BE20AD1242007F01BC /* Main.storyboard */ = {
			isa = PBXVariantGroup;
			children = (
				586330BF20AD1242007F01BC /* Base */,
			);
			name = Main.storyboard;
			sourceTree = "<group>";
		};
		586330C320AD1242007F01BC /* LaunchScreen.storyboard */ = {
			isa = PBXVariantGroup;
			children = (
				586330C420AD1242007F01BC /* Base */,
			);
			name = LaunchScreen.storyboard;
			sourceTree = "<group>";
		};
/* End PBXVariantGroup section */

/* Begin XCBuildConfiguration section */
		586330C720AD1242007F01BC /* Debug */ = {
			isa = XCBuildConfiguration;
			buildSettings = {
				ALWAYS_SEARCH_USER_PATHS = NO;
				CLANG_ANALYZER_NONNULL = YES;
				CLANG_ANALYZER_NUMBER_OBJECT_CONVERSION = YES_AGGRESSIVE;
				CLANG_CXX_LANGUAGE_STANDARD = "gnu++14";
				CLANG_CXX_LIBRARY = "libc++";
				CLANG_ENABLE_MODULES = YES;
				CLANG_ENABLE_OBJC_ARC = YES;
				CLANG_WARN_BLOCK_CAPTURE_AUTORELEASING = YES;
				CLANG_WARN_BOOL_CONVERSION = YES;
				CLANG_WARN_COMMA = YES;
				CLANG_WARN_CONSTANT_CONVERSION = YES;
				CLANG_WARN_DIRECT_OBJC_ISA_USAGE = YES_ERROR;
				CLANG_WARN_DOCUMENTATION_COMMENTS = YES;
				CLANG_WARN_EMPTY_BODY = YES;
				CLANG_WARN_ENUM_CONVERSION = YES;
				CLANG_WARN_INFINITE_RECURSION = YES;
				CLANG_WARN_INT_CONVERSION = YES;
				CLANG_WARN_NON_LITERAL_NULL_CONVERSION = YES;
				CLANG_WARN_OBJC_LITERAL_CONVERSION = YES;
				CLANG_WARN_OBJC_ROOT_CLASS = YES_ERROR;
				CLANG_WARN_RANGE_LOOP_ANALYSIS = YES;
				CLANG_WARN_STRICT_PROTOTYPES = YES;
				CLANG_WARN_SUSPICIOUS_MOVE = YES;
				CLANG_WARN_UNGUARDED_AVAILABILITY = YES_AGGRESSIVE;
				CLANG_WARN_UNREACHABLE_CODE = YES;
				CLANG_WARN__DUPLICATE_METHOD_MATCH = YES;
				CODE_SIGN_IDENTITY = "iPhone Developer";
				COPY_PHASE_STRIP = NO;
				DEBUG_INFORMATION_FORMAT = dwarf;
				ENABLE_STRICT_OBJC_MSGSEND = YES;
				ENABLE_TESTABILITY = YES;
				GCC_C_LANGUAGE_STANDARD = gnu11;
				GCC_DYNAMIC_NO_PIC = NO;
				GCC_NO_COMMON_BLOCKS = YES;
				GCC_OPTIMIZATION_LEVEL = 0;
				GCC_PREPROCESSOR_DEFINITIONS = (
					"DEBUG=1",
					"$(inherited)",
				);
				GCC_WARN_64_TO_32_BIT_CONVERSION = YES;
				GCC_WARN_ABOUT_RETURN_TYPE = YES_ERROR;
				GCC_WARN_UNDECLARED_SELECTOR = YES;
				GCC_WARN_UNINITIALIZED_AUTOS = YES_AGGRESSIVE;
				GCC_WARN_UNUSED_FUNCTION = YES;
				GCC_WARN_UNUSED_VARIABLE = YES;
				IPHONEOS_DEPLOYMENT_TARGET = 11.2;
				MTL_ENABLE_DEBUG_INFO = YES;
				ONLY_ACTIVE_ARCH = YES;
				SDKROOT = iphoneos;
				SWIFT_ACTIVE_COMPILATION_CONDITIONS = DEBUG;
				SWIFT_OPTIMIZATION_LEVEL = "-Onone";
			};
			name = Debug;
		};
		586330C820AD1242007F01BC /* Release */ = {
			isa = XCBuildConfiguration;
			buildSettings = {
				ALWAYS_SEARCH_USER_PATHS = NO;
				CLANG_ANALYZER_NONNULL = YES;
				CLANG_ANALYZER_NUMBER_OBJECT_CONVERSION = YES_AGGRESSIVE;
				CLANG_CXX_LANGUAGE_STANDARD = "gnu++14";
				CLANG_CXX_LIBRARY = "libc++";
				CLANG_ENABLE_MODULES = YES;
				CLANG_ENABLE_OBJC_ARC = YES;
				CLANG_WARN_BLOCK_CAPTURE_AUTORELEASING = YES;
				CLANG_WARN_BOOL_CONVERSION = YES;
				CLANG_WARN_COMMA = YES;
				CLANG_WARN_CONSTANT_CONVERSION = YES;
				CLANG_WARN_DIRECT_OBJC_ISA_USAGE = YES_ERROR;
				CLANG_WARN_DOCUMENTATION_COMMENTS = YES;
				CLANG_WARN_EMPTY_BODY = YES;
				CLANG_WARN_ENUM_CONVERSION = YES;
				CLANG_WARN_INFINITE_RECURSION = YES;
				CLANG_WARN_INT_CONVERSION = YES;
				CLANG_WARN_NON_LITERAL_NULL_CONVERSION = YES;
				CLANG_WARN_OBJC_LITERAL_CONVERSION = YES;
				CLANG_WARN_OBJC_ROOT_CLASS = YES_ERROR;
				CLANG_WARN_RANGE_LOOP_ANALYSIS = YES;
				CLANG_WARN_STRICT_PROTOTYPES = YES;
				CLANG_WARN_SUSPICIOUS_MOVE = YES;
				CLANG_WARN_UNGUARDED_AVAILABILITY = YES_AGGRESSIVE;
				CLANG_WARN_UNREACHABLE_CODE = YES;
				CLANG_WARN__DUPLICATE_METHOD_MATCH = YES;
				CODE_SIGN_IDENTITY = "iPhone Developer";
				COPY_PHASE_STRIP = NO;
				DEBUG_INFORMATION_FORMAT = "dwarf-with-dsym";
				ENABLE_NS_ASSERTIONS = NO;
				ENABLE_STRICT_OBJC_MSGSEND = YES;
				GCC_C_LANGUAGE_STANDARD = gnu11;
				GCC_NO_COMMON_BLOCKS = YES;
				GCC_WARN_64_TO_32_BIT_CONVERSION = YES;
				GCC_WARN_ABOUT_RETURN_TYPE = YES_ERROR;
				GCC_WARN_UNDECLARED_SELECTOR = YES;
				GCC_WARN_UNINITIALIZED_AUTOS = YES_AGGRESSIVE;
				GCC_WARN_UNUSED_FUNCTION = YES;
				GCC_WARN_UNUSED_VARIABLE = YES;
				IPHONEOS_DEPLOYMENT_TARGET = 11.2;
				MTL_ENABLE_DEBUG_INFO = NO;
				SDKROOT = iphoneos;
				SWIFT_OPTIMIZATION_LEVEL = "-Owholemodule";
				VALIDATE_PRODUCT = YES;
			};
			name = Release;
		};
		586330CA20AD1242007F01BC /* Debug */ = {
			isa = XCBuildConfiguration;
			buildSettings = {
				ASSETCATALOG_COMPILER_APPICON_NAME = AppIcon;
				CODE_SIGN_STYLE = Automatic;
				INFOPLIST_FILE = Weather/Info.plist;
				LD_RUNPATH_SEARCH_PATHS = "$(inherited) @executable_path/Frameworks";
				PRODUCT_BUNDLE_IDENTIFIER = com.phuCave.Weather;
				PRODUCT_NAME = "$(TARGET_NAME)";
				SWIFT_VERSION = 4.0;
				TARGETED_DEVICE_FAMILY = "1,2";
			};
			name = Debug;
		};
		586330CB20AD1242007F01BC /* Release */ = {
			isa = XCBuildConfiguration;
			buildSettings = {
				ASSETCATALOG_COMPILER_APPICON_NAME = AppIcon;
				CODE_SIGN_STYLE = Automatic;
				INFOPLIST_FILE = Weather/Info.plist;
				LD_RUNPATH_SEARCH_PATHS = "$(inherited) @executable_path/Frameworks";
				PRODUCT_BUNDLE_IDENTIFIER = com.phuCave.Weather;
				PRODUCT_NAME = "$(TARGET_NAME)";
				SWIFT_VERSION = 4.0;
				TARGETED_DEVICE_FAMILY = "1,2";
			};
			name = Release;
		};
/* End XCBuildConfiguration section */

/* Begin XCConfigurationList section */
		586330B220AD1242007F01BC /* Build configuration list for PBXProject "Weather" */ = {
			isa = XCConfigurationList;
			buildConfigurations = (
				586330C720AD1242007F01BC /* Debug */,
				586330C820AD1242007F01BC /* Release */,
			);
			defaultConfigurationIsVisible = 0;
			defaultConfigurationName = Release;
		};
		586330C920AD1242007F01BC /* Build configuration list for PBXNativeTarget "Weather" */ = {
			isa = XCConfigurationList;
			buildConfigurations = (
				586330CA20AD1242007F01BC /* Debug */,
				586330CB20AD1242007F01BC /* Release */,
			);
			defaultConfigurationIsVisible = 0;
			defaultConfigurationName = Release;
		};
/* End XCConfigurationList section */
	};
	rootObject = 586330AF20AD1242007F01BC /* Project object */;
}
